
Microsoft Visual Studio Solution File, Format Version 12.00
# Visual Studio Version 17
VisualStudioVersion = 17.5.001.0
MinimumVisualStudioVersion = 10.0.40219.1
Project("{9A19103F-16F7-4668-BE54-9A1E7A4F7556}") = "tl1-tp7-2024-NatyBlass", "tl1-tp7-2024-NatyBlass.csproj", "{4F4DE243-3BFE-4B94-AAFF-2AE709C1963F}"
EndProject
Global
	GlobalSection(SolutionConfigurationPlatforms) = preSolution
		Debug|Any CPU = Debug|Any CPU
		Release|Any CPU = Release|Any CPU
	EndGlobalSection
	GlobalSection(ProjectConfigurationPlatforms) = postSolution
		{4F4DE243-3BFE-4B94-AAFF-2AE709C1963F}.Debug|Any CPU.ActiveCfg = Debug|Any CPU
		{4F4DE243-3BFE-4B94-AAFF-2AE709C1963F}.Debug|Any CPU.Build.0 = Debug|Any CPU
		{4F4DE243-3BFE-4B94-AAFF-2AE709C1963F}.Release|Any CPU.ActiveCfg = Release|Any CPU
		{4F4DE243-3BFE-4B94-AAFF-2AE709C1963F}.Release|Any CPU.Build.0 = Release|Any CPU
	EndGlobalSection
	GlobalSection(SolutionProperties) = preSolution
		HideSolutionNode = FALSE
	EndGlobalSection
	GlobalSection(ExtensibilityGlobals) = postSolution
		SolutionGuid = {A9966155-F660-4EAC-A04D-0CE62A26BAE8}
	EndGlobalSection
EndGlobal
